
Microsoft Visual Studio Solution File, Format Version 12.00
# Visual Studio Version 17
VisualStudioVersion = 17.1.32421.90
MinimumVisualStudioVersion = 10.0.40219.1
Project("{FAE04EC0-301F-11D3-BF4B-00C04F79EFBC}") = "Appear", "Appear.csproj", "{95A0D3F6-45D4-462A-882B-85F4D8D6714C}"
EndProject
Global
	GlobalSection(SolutionConfigurationPlatforms) = preSolution
		Debug|Any CPU = Debug|Any CPU
		Release|Any CPU = Release|Any CPU
	EndGlobalSection
	GlobalSection(ProjectConfigurationPlatforms) = postSolution
		{95A0D3F6-45D4-462A-882B-85F4D8D6714C}.Debug|Any CPU.ActiveCfg = Debug|Any CPU
		{95A0D3F6-45D4-462A-882B-85F4D8D6714C}.Debug|Any CPU.Build.0 = Debug|Any CPU
		{95A0D3F6-45D4-462A-882B-85F4D8D6714C}.Release|Any CPU.ActiveCfg = Release|Any CPU
		{95A0D3F6-45D4-462A-882B-85F4D8D6714C}.Release|Any CPU.Build.0 = Release|Any CPU
	EndGlobalSection
	GlobalSection(SolutionProperties) = preSolution
		HideSolutionNode = FALSE
	EndGlobalSection
	GlobalSection(ExtensibilityGlobals) = postSolution
		SolutionGuid = {13E06E3C-65C6-4F6C-9014-84C7FA81A7A7}
	EndGlobalSection
EndGlobal
